dependencies:
- name: influxdb
  repository: https://helm.influxdata.com/
  version: 4.8.9
- name: kapacitor
  repository: https://helm.influxdata.com/
  version: 1.3.1
- name: kafka
  repository: http://storage.googleapis.com/kubernetes-charts-incubator
  version: 0.21.2
- name: zookeeper
  repository: http://storage.googleapis.com/kubernetes-charts-incubator
  version: 2.1.4
digest: sha256:80a3f78699e6f042f5a4ff87749a93a3387e979dace0e618a9377243560edf04
generated: "2020-11-04T16:01:38.737659215+09:00"
